
Microsoft Visual Studio Solution File, Format Version 12.00
# Visual Studio 15
VisualStudioVersion = 15.0.27703.2018
MinimumVisualStudioVersion = 10.0.40219.1
Project("{FAE04EC0-301F-11D3-BF4B-00C04F79EFBC}") = "Login.Android", "Login\Login.Android\Login.Android.csproj", "{3C0B22A2-BDF7-46FE-93EB-3247C15E8459}"
EndProject
Project("{FAE04EC0-301F-11D3-BF4B-00C04F79EFBC}") = "Login.iOS", "Login\Login.iOS\Login.iOS.csproj", "{DC3E20D9-C034-4734-8F04-12FE99C49882}"
EndProject
Project("{9A19103F-16F7-4668-BE54-9A1E7A4F7556}") = "Login", "Login\Login\Login.csproj", "{4398CA07-FF13-4339-AE82-CDBAC5F7D6B1}"
EndProject
Global
	GlobalSection(SolutionConfigurationPlatforms) = preSolution
		Ad-Hoc|Any CPU = Ad-Hoc|Any CPU
		Ad-Hoc|iPhone = Ad-Hoc|iPhone
		Ad-Hoc|iPhoneSimulator = Ad-Hoc|iPhoneSimulator
		AppStore|Any CPU = AppStore|Any CPU
		AppStore|iPhone = AppStore|iPhone
		AppStore|iPhoneSimulator = AppStore|iPhoneSimulator
		Debug|Any CPU = Debug|Any CPU
		Debug|iPhone = Debug|iPhone
		Debug|iPhoneSimulator = Debug|iPhoneSimulator
		Release|Any CPU = Release|Any CPU
		Release|iPhone = Release|iPhone
		Release|iPhoneSimulator = Release|iPhoneSimulator
	EndGlobalSection
	GlobalSection(ProjectConfigurationPlatforms) = postSolution
		{3C0B22A2-BDF7-46FE-93EB-3247C15E8459}.Ad-Hoc|Any CPU.ActiveCfg = Release|Any CPU
		{3C0B22A2-BDF7-46FE-93EB-3247C15E8459}.Ad-Hoc|Any CPU.Build.0 = Release|Any CPU
		{3C0B22A2-BDF7-46FE-93EB-3247C15E8459}.Ad-Hoc|Any CPU.Deploy.0 = Release|Any CPU
		{3C0B22A2-BDF7-46FE-93EB-3247C15E8459}.Ad-Hoc|iPhone.ActiveCfg = Release|Any CPU
		{3C0B22A2-BDF7-46FE-93EB-3247C15E8459}.Ad-Hoc|iPhone.Build.0 = Release|Any CPU
		{3C0B22A2-BDF7-46FE-93EB-3247C15E8459}.Ad-Hoc|iPhone.Deploy.0 = Release|Any CPU
		{3C0B22A2-BDF7-46FE-93EB-3247C15E8459}.Ad-Hoc|iPhoneSimulator.ActiveCfg = Release|Any CPU
		{3C0B22A2-BDF7-46FE-93EB-3247C15E8459}.Ad-Hoc|iPhoneSimulator.Build.0 = Release|Any CPU
		{3C0B22A2-BDF7-46FE-93EB-3247C15E8459}.Ad-Hoc|iPhoneSimulator.Deploy.0 = Release|Any CPU
		{3C0B22A2-BDF7-46FE-93EB-3247C15E8459}.AppStore|Any CPU.ActiveCfg = Release|Any CPU
		{3C0B22A2-BDF7-46FE-93EB-3247C15E8459}.AppStore|Any CPU.Build.0 = Release|Any CPU
		{3C0B22A2-BDF7-46FE-93EB-3247C15E8459}.AppStore|Any CPU.Deploy.0 = Release|Any CPU
		{3C0B22A2-BDF7-46FE-93EB-3247C15E8459}.AppStore|iPhone.ActiveCfg = Release|Any CPU
		{3C0B22A2-BDF7-46FE-93EB-3247C15E8459}.AppStore|iPhone.Build.0 = Release|Any CPU
		{3C0B22A2-BDF7-46FE-93EB-3247C15E8459}.AppStore|iPhone.Deploy.0 = Release|Any CPU
		{3C0B22A2-BDF7-46FE-93EB-3247C15E8459}.AppStore|iPhoneSimulator.ActiveCfg = Release|Any CPU
		{3C0B22A2-BDF7-46FE-93EB-3247C15E8459}.AppStore|iPhoneSimulator.Build.0 = Release|Any CPU
		{3C0B22A2-BDF7-46FE-93EB-3247C15E8459}.AppStore|iPhoneSimulator.Deploy.0 = Release|Any CPU
		{3C0B22A2-BDF7-46FE-93EB-3247C15E8459}.Debug|Any CPU.ActiveCfg = Debug|Any CPU
		{3C0B22A2-BDF7-46FE-93EB-3247C15E8459}.Debug|Any CPU.Build.0 = Debug|Any CPU
		{3C0B22A2-BDF7-46FE-93EB-3247C15E8459}.Debug|Any CPU.Deploy.0 = Debug|Any CPU
		{3C0B22A2-BDF7-46FE-93EB-3247C15E8459}.Debug|iPhone.ActiveCfg = Debug|Any CPU
		{3C0B22A2-BDF7-46FE-93EB-3247C15E8459}.Debug|iPhone.Build.0 = Debug|Any CPU
		{3C0B22A2-BDF7-46FE-93EB-3247C15E8459}.Debug|iPhone.Deploy.0 = Debug|Any CPU
		{3C0B22A2-BDF7-46FE-93EB-3247C15E8459}.Debug|iPhoneSimulator.ActiveCfg = Debug|Any CPU
		{3C0B22A2-BDF7-46FE-93EB-3247C15E8459}.Debug|iPhoneSimulator.Build.0 = Debug|Any CPU
		{3C0B22A2-BDF7-46FE-93EB-3247C15E8459}.Debug|iPhoneSimulator.Deploy.0 = Debug|Any CPU
		{3C0B22A2-BDF7-46FE-93EB-3247C15E8459}.Release|Any CPU.ActiveCfg = Release|Any CPU
		{3C0B22A2-BDF7-46FE-93EB-3247C15E8459}.Release|Any CPU.Build.0 = Release|Any CPU
		{3C0B22A2-BDF7-46FE-93EB-3247C15E8459}.Release|Any CPU.Deploy.0 = Release|Any CPU
		{3C0B22A2-BDF7-46FE-93EB-3247C15E8459}.Release|iPhone.ActiveCfg = Release|Any CPU
		{3C0B22A2-BDF7-46FE-93EB-3247C15E8459}.Release|iPhone.Build.0 = Release|Any CPU
		{3C0B22A2-BDF7-46FE-93EB-3247C15E8459}.Release|iPhone.Deploy.0 = Release|Any CPU
		{3C0B22A2-BDF7-46FE-93EB-3247C15E8459}.Release|iPhoneSimulator.ActiveCfg = Release|Any CPU
		{3C0B22A2-BDF7-46FE-93EB-3247C15E8459}.Release|iPhoneSimulator.Build.0 = Release|Any CPU
		{3C0B22A2-BDF7-46FE-93EB-3247C15E8459}.Release|iPhoneSimulator.Deploy.0 = Release|Any CPU
		{DC3E20D9-C034-4734-8F04-12FE99C49882}.Ad-Hoc|Any CPU.ActiveCfg = Ad-Hoc|iPhone
		{DC3E20D9-C034-4734-8F04-12FE99C49882}.Ad-Hoc|Any CPU.Build.0 = Ad-Hoc|iPhone
		{DC3E20D9-C034-4734-8F04-12FE99C49882}.Ad-Hoc|Any CPU.Deploy.0 = Ad-Hoc|iPhone
		{DC3E20D9-C034-4734-8F04-12FE99C49882}.Ad-Hoc|iPhone.ActiveCfg = Ad-Hoc|iPhone
		{DC3E20D9-C034-4734-8F04-12FE99C49882}.Ad-Hoc|iPhone.Build.0 = Ad-Hoc|iPhone
		{DC3E20D9-C034-4734-8F04-12FE99C49882}.Ad-Hoc|iPhone.Deploy.0 = Ad-Hoc|iPhone
		{DC3E20D9-C034-4734-8F04-12FE99C49882}.Ad-Hoc|iPhoneSimulator.ActiveCfg = Ad-Hoc|iPhoneSimulator
		{DC3E20D9-C034-4734-8F04-12FE99C49882}.Ad-Hoc|iPhoneSimulator.Build.0 = Ad-Hoc|iPhoneSimulator
		{DC3E20D9-C034-4734-8F04-12FE99C49882}.Ad-Hoc|iPhoneSimulator.Deploy.0 = Ad-Hoc|iPhoneSimulator
		{DC3E20D9-C034-4734-8F04-12FE99C49882}.AppStore|Any CPU.ActiveCfg = AppStore|iPhone
		{DC3E20D9-C034-4734-8F04-12FE99C49882}.AppStore|Any CPU.Build.0 = AppStore|iPhone
		{DC3E20D9-C034-4734-8F04-12FE99C49882}.AppStore|Any CPU.Deploy.0 = AppStore|iPhone
		{DC3E20D9-C034-4734-8F04-12FE99C49882}.AppStore|iPhone.ActiveCfg = AppStore|iPhone
		{DC3E20D9-C034-4734-8F04-12FE99C49882}.AppStore|iPhone.Build.0 = AppStore|iPhone
		{DC3E20D9-C034-4734-8F04-12FE99C49882}.AppStore|iPhone.Deploy.0 = AppStore|iPhone
		{DC3E20D9-C034-4734-8F04-12FE99C49882}.AppStore|iPhoneSimulator.ActiveCfg = AppStore|iPhoneSimulator
		{DC3E20D9-C034-4734-8F04-12FE99C49882}.AppStore|iPhoneSimulator.Build.0 = AppStore|iPhoneSimulator
		{DC3E20D9-C034-4734-8F04-12FE99C49882}.AppStore|iPhoneSimulator.Deploy.0 = AppStore|iPhoneSimulator
		{DC3E20D9-C034-4734-8F04-12FE99C49882}.Debug|Any CPU.ActiveCfg = Debug|iPhoneSimulator
		{DC3E20D9-C034-4734-8F04-12FE99C49882}.Debug|Any CPU.Build.0 = Debug|iPhoneSimulator
		{DC3E20D9-C034-4734-8F04-12FE99C49882}.Debug|Any CPU.Deploy.0 = Debug|iPhoneSimulator
		{DC3E20D9-C034-4734-8F04-12FE99C49882}.Debug|iPhone.ActiveCfg = Debug|iPhone
		{DC3E20D9-C034-4734-8F04-12FE99C49882}.Debug|iPhone.Build.0 = Debug|iPhone
		{DC3E20D9-C034-4734-8F04-12FE99C49882}.Debug|iPhone.Deploy.0 = Debug|iPhone
		{DC3E20D9-C034-4734-8F04-12FE99C49882}.Debug|iPhoneSimulator.ActiveCfg = Debug|iPhoneSimulator
		{DC3E20D9-C034-4734-8F04-12FE99C49882}.Debug|iPhoneSimulator.Build.0 = Debug|iPhoneSimulator
		{DC3E20D9-C034-4734-8F04-12FE99C49882}.Debug|iPhoneSimulator.Deploy.0 = Debug|iPhoneSimulator
		{DC3E20D9-C034-4734-8F04-12FE99C49882}.Release|Any CPU.ActiveCfg = Release|iPhone
		{DC3E20D9-C034-4734-8F04-12FE99C49882}.Release|Any CPU.Build.0 = Release|iPhone
		{DC3E20D9-C034-4734-8F04-12FE99C49882}.Release|Any CPU.Deploy.0 = Release|iPhone
		{DC3E20D9-C034-4734-8F04-12FE99C49882}.Release|iPhone.ActiveCfg = Release|iPhone
		{DC3E20D9-C034-4734-8F04-12FE99C49882}.Release|iPhone.Build.0 = Release|iPhone
		{DC3E20D9-C034-4734-8F04-12FE99C49882}.Release|iPhone.Deploy.0 = Release|iPhone
		{DC3E20D9-C034-4734-8F04-12FE99C49882}.Release|iPhoneSimulator.ActiveCfg = Release|iPhoneSimulator
		{DC3E20D9-C034-4734-8F04-12FE99C49882}.Release|iPhoneSimulator.Build.0 = Release|iPhoneSimulator
		{DC3E20D9-C034-4734-8F04-12FE99C49882}.Release|iPhoneSimulator.Deploy.0 = Release|iPhoneSimulator
		{4398CA07-FF13-4339-AE82-CDBAC5F7D6B1}.Ad-Hoc|Any CPU.ActiveCfg = Debug|Any CPU
		{4398CA07-FF13-4339-AE82-CDBAC5F7D6B1}.Ad-Hoc|Any CPU.Build.0 = Debug|Any CPU
		{4398CA07-FF13-4339-AE82-CDBAC5F7D6B1}.Ad-Hoc|Any CPU.Deploy.0 = Debug|Any CPU
		{4398CA07-FF13-4339-AE82-CDBAC5F7D6B1}.Ad-Hoc|iPhone.ActiveCfg = Debug|Any CPU
		{4398CA07-FF13-4339-AE82-CDBAC5F7D6B1}.Ad-Hoc|iPhone.Build.0 = Debug|Any CPU
		{4398CA07-FF13-4339-AE82-CDBAC5F7D6B1}.Ad-Hoc|iPhone.Deploy.0 = Debug|Any CPU
		{4398CA07-FF13-4339-AE82-CDBAC5F7D6B1}.Ad-Hoc|iPhoneSimulator.ActiveCfg = Debug|Any CPU
		{4398CA07-FF13-4339-AE82-CDBAC5F7D6B1}.Ad-Hoc|iPhoneSimulator.Build.0 = Debug|Any CPU
		{4398CA07-FF13-4339-AE82-CDBAC5F7D6B1}.Ad-Hoc|iPhoneSimulator.Deploy.0 = Debug|Any CPU
		{4398CA07-FF13-4339-AE82-CDBAC5F7D6B1}.AppStore|Any CPU.ActiveCfg = Debug|Any CPU
		{4398CA07-FF13-4339-AE82-CDBAC5F7D6B1}.AppStore|Any CPU.Build.0 = Debug|Any CPU
		{4398CA07-FF13-4339-AE82-CDBAC5F7D6B1}.AppStore|Any CPU.Deploy.0 = Debug|Any CPU
		{4398CA07-FF13-4339-AE82-CDBAC5F7D6B1}.AppStore|iPhone.ActiveCfg = Debug|Any CPU
		{4398CA07-FF13-4339-AE82-CDBAC5F7D6B1}.AppStore|iPhone.Build.0 = Debug|Any CPU
		{4398CA07-FF13-4339-AE82-CDBAC5F7D6B1}.AppStore|iPhone.Deploy.0 = Debug|Any CPU
		{4398CA07-FF13-4339-AE82-CDBAC5F7D6B1}.AppStore|iPhoneSimulator.ActiveCfg = Debug|Any CPU
		{4398CA07-FF13-4339-AE82-CDBAC5F7D6B1}.AppStore|iPhoneSimulator.Build.0 = Debug|Any CPU
		{4398CA07-FF13-4339-AE82-CDBAC5F7D6B1}.AppStore|iPhoneSimulator.Deploy.0 = Debug|Any CPU
		{4398CA07-FF13-4339-AE82-CDBAC5F7D6B1}.Debug|Any CPU.ActiveCfg = Debug|Any CPU
		{4398CA07-FF13-4339-AE82-CDBAC5F7D6B1}.Debug|Any CPU.Build.0 = Debug|Any CPU
		{4398CA07-FF13-4339-AE82-CDBAC5F7D6B1}.Debug|Any CPU.Deploy.0 = Debug|Any CPU
		{4398CA07-FF13-4339-AE82-CDBAC5F7D6B1}.Debug|iPhone.ActiveCfg = Debug|Any CPU
		{4398CA07-FF13-4339-AE82-CDBAC5F7D6B1}.Debug|iPhone.Build.0 = Debug|Any CPU
		{4398CA07-FF13-4339-AE82-CDBAC5F7D6B1}.Debug|iPhone.Deploy.0 = Debug|Any CPU
		{4398CA07-FF13-4339-AE82-CDBAC5F7D6B1}.Debug|iPhoneSimulator.ActiveCfg = Debug|Any CPU
		{4398CA07-FF13-4339-AE82-CDBAC5F7D6B1}.Debug|iPhoneSimulator.Build.0 = Debug|Any CPU
		{4398CA07-FF13-4339-AE82-CDBAC5F7D6B1}.Debug|iPhoneSimulator.Deploy.0 = Debug|Any CPU
		{4398CA07-FF13-4339-AE82-CDBAC5F7D6B1}.Release|Any CPU.ActiveCfg = Release|Any CPU
		{4398CA07-FF13-4339-AE82-CDBAC5F7D6B1}.Release|Any CPU.Build.0 = Release|Any CPU
		{4398CA07-FF13-4339-AE82-CDBAC5F7D6B1}.Release|Any CPU.Deploy.0 = Release|Any CPU
		{4398CA07-FF13-4339-AE82-CDBAC5F7D6B1}.Release|iPhone.ActiveCfg = Release|Any CPU
		{4398CA07-FF13-4339-AE82-CDBAC5F7D6B1}.Release|iPhone.Build.0 = Release|Any CPU
		{4398CA07-FF13-4339-AE82-CDBAC5F7D6B1}.Release|iPhone.Deploy.0 = Release|Any CPU
		{4398CA07-FF13-4339-AE82-CDBAC5F7D6B1}.Release|iPhoneSimulator.ActiveCfg = Release|Any CPU
		{4398CA07-FF13-4339-AE82-CDBAC5F7D6B1}.Release|iPhoneSimulator.Build.0 = Release|Any CPU
		{4398CA07-FF13-4339-AE82-CDBAC5F7D6B1}.Release|iPhoneSimulator.Deploy.0 = Release|Any CPU
	EndGlobalSection
	GlobalSection(SolutionProperties) = preSolution
		HideSolutionNode = FALSE
	EndGlobalSection
	GlobalSection(ExtensibilityGlobals) = postSolution
		SolutionGuid = {9CD905B3-D690-43D6-BCB3-B3F054BC291A}
	EndGlobalSection
EndGlobal
